
Microsoft Visual Studio Solution File, Format Version 12.00
# Visual Studio Version 16
VisualStudioVersion = 16.0.35706.149
MinimumVisualStudioVersion = 10.0.40219.1
Project("{FAE04EC0-301F-11D3-BF4B-00C04F79EFBC}") = "FintechInvestment.WinForms", "CalculadoraInteresCompost\FintechInvestment.WinForms.csproj", "{AF3E3CE7-1694-4E3F-ABBD-743A31D30BBC}"
EndProject
Project("{FAE04EC0-301F-11D3-BF4B-00C04F79EFBC}") = "FintechInvestment.Core", "FintechInvestment.Core\FintechInvestment.Core.csproj", "{B33D645C-4E9B-48C2-B8FC-90A59FD7305F}"
EndProject
Global
	GlobalSection(SolutionConfigurationPlatforms) = preSolution
		Debug|Any CPU = Debug|Any CPU
		Release|Any CPU = Release|Any CPU
	EndGlobalSection
	GlobalSection(ProjectConfigurationPlatforms) = postSolution
		{AF3E3CE7-1694-4E3F-ABBD-743A31D30BBC}.Debug|Any CPU.ActiveCfg = Debug|Any CPU
		{AF3E3CE7-1694-4E3F-ABBD-743A31D30BBC}.Debug|Any CPU.Build.0 = Debug|Any CPU
		{AF3E3CE7-1694-4E3F-ABBD-743A31D30BBC}.Release|Any CPU.ActiveCfg = Release|Any CPU
		{AF3E3CE7-1694-4E3F-ABBD-743A31D30BBC}.Release|Any CPU.Build.0 = Release|Any CPU
		{B33D645C-4E9B-48C2-B8FC-90A59FD7305F}.Debug|Any CPU.ActiveCfg = Debug|Any CPU
		{B33D645C-4E9B-48C2-B8FC-90A59FD7305F}.Debug|Any CPU.Build.0 = Debug|Any CPU
		{B33D645C-4E9B-48C2-B8FC-90A59FD7305F}.Release|Any CPU.ActiveCfg = Release|Any CPU
		{B33D645C-4E9B-48C2-B8FC-90A59FD7305F}.Release|Any CPU.Build.0 = Release|Any CPU
	EndGlobalSection
	GlobalSection(SolutionProperties) = preSolution
		HideSolutionNode = FALSE
	EndGlobalSection
	GlobalSection(ExtensibilityGlobals) = postSolution
		SolutionGuid = {7904A297-9061-4C70-B225-DA105688E8F3}
	EndGlobalSection
EndGlobal
